
Microsoft Visual Studio Solution File, Format Version 12.00
# Visual Studio Version 17
VisualStudioVersion = 17.4.33213.308
MinimumVisualStudioVersion = 10.0.40219.1
Project("{FAE04EC0-301F-11D3-BF4B-00C04F79EFBC}") = "p138firstwebapp", "p138firstwebapp\p138firstwebapp.csproj", "{7B73FE21-BA4B-4546-BDA9-695FAC2767FB}"
EndProject
Global
	GlobalSection(SolutionConfigurationPlatforms) = preSolution
		Debug|Any CPU = Debug|Any CPU
		Release|Any CPU = Release|Any CPU
	EndGlobalSection
	GlobalSection(ProjectConfigurationPlatforms) = postSolution
		{7B73FE21-BA4B-4546-BDA9-695FAC2767FB}.Debug|Any CPU.ActiveCfg = Debug|Any CPU
		{7B73FE21-BA4B-4546-BDA9-695FAC2767FB}.Debug|Any CPU.Build.0 = Debug|Any CPU
		{7B73FE21-BA4B-4546-BDA9-695FAC2767FB}.Release|Any CPU.ActiveCfg = Release|Any CPU
		{7B73FE21-BA4B-4546-BDA9-695FAC2767FB}.Release|Any CPU.Build.0 = Release|Any CPU
	EndGlobalSection
	GlobalSection(SolutionProperties) = preSolution
		HideSolutionNode = FALSE
	EndGlobalSection
	GlobalSection(ExtensibilityGlobals) = postSolution
		SolutionGuid = {0063E294-1C7B-401E-8CAC-1F034D8A6D0B}
	EndGlobalSection
EndGlobal
